
Microsoft Visual Studio Solution File, Format Version 12.00
# Visual Studio Version 17
VisualStudioVersion = 17.11.35219.272
MinimumVisualStudioVersion = 10.0.40219.1
Project("{9A19103F-16F7-4668-BE54-9A1E7A4F7556}") = "FKala.TestConsole", "FKala.TestConsole\FKala.TestConsole.csproj", "{5A1C35C3-1591-404B-8868-D7CCBD39D051}"
EndProject
Project("{FAE04EC0-301F-11D3-BF4B-00C04F79EFBC}") = "FKala.Unittests", "FKala.Unittests\FKala.Unittests.csproj", "{D3CF60CA-376B-4CDA-9ED9-F7E87D0877D3}"
EndProject
Project("{FAE04EC0-301F-11D3-BF4B-00C04F79EFBC}") = "FKala.WebApi", "FKala.WebApi\FKala.WebApi.csproj", "{F4F99854-3FC9-4C29-8C2F-6E3DA4E419C4}"
EndProject
Global
	GlobalSection(SolutionConfigurationPlatforms) = preSolution
		Debug|Any CPU = Debug|Any CPU
		Release|Any CPU = Release|Any CPU
	EndGlobalSection
	GlobalSection(ProjectConfigurationPlatforms) = postSolution
		{5A1C35C3-1591-404B-8868-D7CCBD39D051}.Debug|Any CPU.ActiveCfg = Debug|Any CPU
		{5A1C35C3-1591-404B-8868-D7CCBD39D051}.Debug|Any CPU.Build.0 = Debug|Any CPU
		{5A1C35C3-1591-404B-8868-D7CCBD39D051}.Release|Any CPU.ActiveCfg = Release|Any CPU
		{5A1C35C3-1591-404B-8868-D7CCBD39D051}.Release|Any CPU.Build.0 = Release|Any CPU
		{D3CF60CA-376B-4CDA-9ED9-F7E87D0877D3}.Debug|Any CPU.ActiveCfg = Debug|Any CPU
		{D3CF60CA-376B-4CDA-9ED9-F7E87D0877D3}.Debug|Any CPU.Build.0 = Debug|Any CPU
		{D3CF60CA-376B-4CDA-9ED9-F7E87D0877D3}.Release|Any CPU.ActiveCfg = Release|Any CPU
		{D3CF60CA-376B-4CDA-9ED9-F7E87D0877D3}.Release|Any CPU.Build.0 = Release|Any CPU
		{F4F99854-3FC9-4C29-8C2F-6E3DA4E419C4}.Debug|Any CPU.ActiveCfg = Debug|Any CPU
		{F4F99854-3FC9-4C29-8C2F-6E3DA4E419C4}.Debug|Any CPU.Build.0 = Debug|Any CPU
		{F4F99854-3FC9-4C29-8C2F-6E3DA4E419C4}.Release|Any CPU.ActiveCfg = Release|Any CPU
		{F4F99854-3FC9-4C29-8C2F-6E3DA4E419C4}.Release|Any CPU.Build.0 = Release|Any CPU
	EndGlobalSection
	GlobalSection(SolutionProperties) = preSolution
		HideSolutionNode = FALSE
	EndGlobalSection
	GlobalSection(ExtensibilityGlobals) = postSolution
		SolutionGuid = {7E78CBDA-39F1-4144-9541-30D535E394B8}
	EndGlobalSection
EndGlobal
