
Microsoft Visual Studio Solution File, Format Version 12.00
# Visual Studio Version 17
VisualStudioVersion = 17.11.35219.272
MinimumVisualStudioVersion = 10.0.40219.1
Project("{9A19103F-16F7-4668-BE54-9A1E7A4F7556}") = "FKala.Unittests", "FKala.Unittests\FKala.Unittests.csproj", "{D3CF60CA-376B-4CDA-9ED9-F7E87D0877D3}"
EndProject
Project("{9A19103F-16F7-4668-BE54-9A1E7A4F7556}") = "FKala.WebApi", "FKala.WebApi\FKala.WebApi.csproj", "{F4F99854-3FC9-4C29-8C2F-6E3DA4E419C4}"
EndProject
Project("{9A19103F-16F7-4668-BE54-9A1E7A4F7556}") = "FKala.Api", "FKala.Api\FKala.Api.csproj", "{CD56E35C-F4BB-4390-A999-E39233564E9F}"
EndProject
Project("{9A19103F-16F7-4668-BE54-9A1E7A4F7556}") = "FKala.Core", "FKala.Core\FKala.Core.csproj", "{BB89E13A-652C-49C6-91C5-7B447560B60A}"
EndProject
Project("{FAE04EC0-301F-11D3-BF4B-00C04F79EFBC}") = "FKala.Background", "FKala.Background\FKala.Background.csproj", "{B8539DB8-6A38-4A3C-869F-9BDA06F50410}"
EndProject
Global
	GlobalSection(SolutionConfigurationPlatforms) = preSolution
		Debug|Any CPU = Debug|Any CPU
		Release|Any CPU = Release|Any CPU
	EndGlobalSection
	GlobalSection(ProjectConfigurationPlatforms) = postSolution
		{D3CF60CA-376B-4CDA-9ED9-F7E87D0877D3}.Debug|Any CPU.ActiveCfg = Debug|Any CPU
		{D3CF60CA-376B-4CDA-9ED9-F7E87D0877D3}.Debug|Any CPU.Build.0 = Debug|Any CPU
		{D3CF60CA-376B-4CDA-9ED9-F7E87D0877D3}.Release|Any CPU.ActiveCfg = Release|Any CPU
		{D3CF60CA-376B-4CDA-9ED9-F7E87D0877D3}.Release|Any CPU.Build.0 = Release|Any CPU
		{F4F99854-3FC9-4C29-8C2F-6E3DA4E419C4}.Debug|Any CPU.ActiveCfg = Debug|Any CPU
		{F4F99854-3FC9-4C29-8C2F-6E3DA4E419C4}.Debug|Any CPU.Build.0 = Debug|Any CPU
		{F4F99854-3FC9-4C29-8C2F-6E3DA4E419C4}.Release|Any CPU.ActiveCfg = Release|Any CPU
		{F4F99854-3FC9-4C29-8C2F-6E3DA4E419C4}.Release|Any CPU.Build.0 = Release|Any CPU
		{CD56E35C-F4BB-4390-A999-E39233564E9F}.Debug|Any CPU.ActiveCfg = Debug|Any CPU
		{CD56E35C-F4BB-4390-A999-E39233564E9F}.Debug|Any CPU.Build.0 = Debug|Any CPU
		{CD56E35C-F4BB-4390-A999-E39233564E9F}.Release|Any CPU.ActiveCfg = Release|Any CPU
		{CD56E35C-F4BB-4390-A999-E39233564E9F}.Release|Any CPU.Build.0 = Release|Any CPU
		{BB89E13A-652C-49C6-91C5-7B447560B60A}.Debug|Any CPU.ActiveCfg = Debug|Any CPU
		{BB89E13A-652C-49C6-91C5-7B447560B60A}.Debug|Any CPU.Build.0 = Debug|Any CPU
		{BB89E13A-652C-49C6-91C5-7B447560B60A}.Release|Any CPU.ActiveCfg = Release|Any CPU
		{BB89E13A-652C-49C6-91C5-7B447560B60A}.Release|Any CPU.Build.0 = Release|Any CPU
		{B8539DB8-6A38-4A3C-869F-9BDA06F50410}.Debug|Any CPU.ActiveCfg = Debug|Any CPU
		{B8539DB8-6A38-4A3C-869F-9BDA06F50410}.Debug|Any CPU.Build.0 = Debug|Any CPU
		{B8539DB8-6A38-4A3C-869F-9BDA06F50410}.Release|Any CPU.ActiveCfg = Release|Any CPU
		{B8539DB8-6A38-4A3C-869F-9BDA06F50410}.Release|Any CPU.Build.0 = Release|Any CPU
	EndGlobalSection
	GlobalSection(SolutionProperties) = preSolution
		HideSolutionNode = FALSE
	EndGlobalSection
	GlobalSection(ExtensibilityGlobals) = postSolution
		SolutionGuid = {7E78CBDA-39F1-4144-9541-30D535E394B8}
	EndGlobalSection
EndGlobal
